
Microsoft Visual Studio Solution File, Format Version 12.00
# Visual Studio Version 17
VisualStudioVersion = 17.5.002.0
MinimumVisualStudioVersion = 10.0.40219.1
Project("{9A19103F-16F7-4668-BE54-9A1E7A4F7556}") = "PRUEBACOMMIT", "PRUEBACOMMIT\PRUEBACOMMIT.csproj", "{398F1895-01C1-41B0-BD6E-CFA9FC69A4CA}"
EndProject
Global
	GlobalSection(SolutionConfigurationPlatforms) = preSolution
		Debug|Any CPU = Debug|Any CPU
		Release|Any CPU = Release|Any CPU
	EndGlobalSection
	GlobalSection(ProjectConfigurationPlatforms) = postSolution
		{398F1895-01C1-41B0-BD6E-CFA9FC69A4CA}.Debug|Any CPU.ActiveCfg = Debug|Any CPU
		{398F1895-01C1-41B0-BD6E-CFA9FC69A4CA}.Debug|Any CPU.Build.0 = Debug|Any CPU
		{398F1895-01C1-41B0-BD6E-CFA9FC69A4CA}.Release|Any CPU.ActiveCfg = Release|Any CPU
		{398F1895-01C1-41B0-BD6E-CFA9FC69A4CA}.Release|Any CPU.Build.0 = Release|Any CPU
	EndGlobalSection
	GlobalSection(SolutionProperties) = preSolution
		HideSolutionNode = FALSE
	EndGlobalSection
	GlobalSection(ExtensibilityGlobals) = postSolution
		SolutionGuid = {4EC2CC06-408A-4309-B484-E9630029C5D6}
	EndGlobalSection
EndGlobal
